{
  "projects": [
    {
      "projectId": "58GpZjZCWTaJ8AUhpCwt2K",
      "version": "3.12.0",
      "dependencies": {},
      "lang": "ts",
      "fileLocks": [
        {
          "assetId": "58GpZjZCWTaJ8AUhpCwt2K",
          "type": "projectCss",
          "checksum": "fd84921cc10936e6ceb458c2ae01c4bd"
        }
      ],
      "codegenVersion": "0.0.1"
    },
    {
      "projectId": "szjgMQpPpxhmkjnaBvZQJG",
      "version": "2.12.0",
      "dependencies": {},
      "lang": "ts",
      "fileLocks": [
        {
          "assetId": "szjgMQpPpxhmkjnaBvZQJG",
          "type": "projectCss",
          "checksum": "29b90e78e5c36e5dc978e0c572d9fc75"
        }
      ],
      "codegenVersion": "0.0.1"
    },
    {
      "projectId": "eiC1VCbma8t6iMexZerqLa",
      "version": "5.13.0",
      "dependencies": {},
      "lang": "ts",
      "fileLocks": [
        {
          "assetId": "eiC1VCbma8t6iMexZerqLa",
          "type": "projectCss",
          "checksum": "ca7a7a306fb5a825be965388292c23ac"
        },
        {
          "assetId": "eiC1VCbma8t6iMexZerqLa",
          "checksum": "e732fbb74d3376c409f438fc80adf516",
          "type": "globalContexts"
        }
      ],
      "codegenVersion": "0.0.1"
    },
    {
      "projectId": "xp1p7dmg329XVLHyuEUxD2",
      "version": "11.15.0",
      "dependencies": {},
      "lang": "ts",
      "fileLocks": [
        {
          "assetId": "xp1p7dmg329XVLHyuEUxD2",
          "type": "projectCss",
          "checksum": "1b891cf9539f1db972dc4163ae1172e9"
        }
      ],
      "codegenVersion": "0.0.1"
    },
    {
      "projectId": "seaQhLVS4bbjiGvJJrRwyL",
      "version": "15.0.3",
      "dependencies": {},
      "lang": "ts",
      "fileLocks": [
        {
          "assetId": "seaQhLVS4bbjiGvJJrRwyL",
          "type": "projectCss",
          "checksum": "27db00cb356a331a9fd0f219c2cde5cc"
        }
      ],
      "codegenVersion": "0.0.1"
    },
    {
      "projectId": "jCmJKVw35RaDDpqbkpwXKJ",
      "version": "latest",
      "dependencies": {
        "seaQhLVS4bbjiGvJJrRwyL": "15.0.3",
        "xp1p7dmg329XVLHyuEUxD2": "11.15.0",
        "eiC1VCbma8t6iMexZerqLa": "5.13.0",
        "szjgMQpPpxhmkjnaBvZQJG": "2.12.0",
        "58GpZjZCWTaJ8AUhpCwt2K": "3.12.0"
      },
      "lang": "ts",
      "fileLocks": [
        {
          "type": "globalVariant",
          "assetId": "SMTGOrzLQnh4yi",
          "checksum": "6f152936612eb7edda4cd916a528edf7"
        },
        {
          "assetId": "jCmJKVw35RaDDpqbkpwXKJ",
          "type": "projectCss",
          "checksum": "4ebfb9d3669285a8e95cbfe4b4a444db"
        },
        {
          "assetId": "jCmJKVw35RaDDpqbkpwXKJ",
          "checksum": "1a360f83c11a269e6c07d82c8f27af94",
          "type": "globalContexts"
        },
        {
          "type": "renderModule",
          "assetId": "RY36TX_vxL01H",
          "checksum": "fbc6f58daf49e4dba9e9d3041859f15c"
        },
        {
          "type": "cssRules",
          "assetId": "RY36TX_vxL01H",
          "checksum": "fbc6f58daf49e4dba9e9d3041859f15c"
        },
        {
          "type": "renderModule",
          "assetId": "J7TbFtJ_8HL3b",
          "checksum": "6028a13a26c68a99d343741c9dd289f5"
        },
        {
          "type": "cssRules",
          "assetId": "J7TbFtJ_8HL3b",
          "checksum": "6028a13a26c68a99d343741c9dd289f5"
        },
        {
          "type": "renderModule",
          "assetId": "qjuhIe4b4k4ss",
          "checksum": "44ef0aba277b998cdfe940058502cc68"
        },
        {
          "type": "cssRules",
          "assetId": "qjuhIe4b4k4ss",
          "checksum": "44ef0aba277b998cdfe940058502cc68"
        },
        {
          "type": "renderModule",
          "assetId": "unP83YgsAg3Uv",
          "checksum": "7a1b2de3698515a995aa7ca91adaef33"
        },
        {
          "type": "cssRules",
          "assetId": "unP83YgsAg3Uv",
          "checksum": "7a1b2de3698515a995aa7ca91adaef33"
        },
        {
          "type": "renderModule",
          "assetId": "53VSU5gUzuN_w",
          "checksum": "e0efb2e6b732bd92f225435b7c9a8045"
        },
        {
          "type": "cssRules",
          "assetId": "53VSU5gUzuN_w",
          "checksum": "e0efb2e6b732bd92f225435b7c9a8045"
        },
        {
          "type": "renderModule",
          "assetId": "2rJsUIT2Qz_G3",
          "checksum": "a9d0604f61634df54c47974123f2bfad"
        },
        {
          "type": "cssRules",
          "assetId": "2rJsUIT2Qz_G3",
          "checksum": "a9d0604f61634df54c47974123f2bfad"
        },
        {
          "type": "renderModule",
          "assetId": "jfLcf6w3hglQ6i",
          "checksum": "060bd657c8614fbc334da179363ade51"
        },
        {
          "type": "cssRules",
          "assetId": "jfLcf6w3hglQ6i",
          "checksum": "060bd657c8614fbc334da179363ade51"
        },
        {
          "type": "renderModule",
          "assetId": "_QXz08NNmqgwAr",
          "checksum": "17c63be6a35368b3a1331d1fd3616256"
        },
        {
          "type": "cssRules",
          "assetId": "_QXz08NNmqgwAr",
          "checksum": "17c63be6a35368b3a1331d1fd3616256"
        },
        {
          "type": "renderModule",
          "assetId": "VfuWBhBfxNus-a",
          "checksum": "c67541c4c74a7fcb3402728b3f1470ba"
        },
        {
          "type": "cssRules",
          "assetId": "VfuWBhBfxNus-a",
          "checksum": "c67541c4c74a7fcb3402728b3f1470ba"
        },
        {
          "type": "renderModule",
          "assetId": "Fd6RmMDd-XPop3",
          "checksum": "6d9082312e36d8484d0b9b52873fa820"
        },
        {
          "type": "cssRules",
          "assetId": "Fd6RmMDd-XPop3",
          "checksum": "6d9082312e36d8484d0b9b52873fa820"
        },
        {
          "type": "renderModule",
          "assetId": "-7MylpuX16AdiD",
          "checksum": "25a510ffb62d59b32219536e4c2d24ba"
        },
        {
          "type": "cssRules",
          "assetId": "-7MylpuX16AdiD",
          "checksum": "25a510ffb62d59b32219536e4c2d24ba"
        },
        {
          "type": "icon",
          "assetId": "AuPEiqtbYtHa0k",
          "checksum": "adc7bcd42b3da303dc1f85abc46b267b"
        },
        {
          "type": "icon",
          "assetId": "ZuCrsTAdePsSV3",
          "checksum": "f73a656c3bf3e4668fd3979557324b63"
        },
        {
          "type": "icon",
          "assetId": "86S0UiKF3Wfs10",
          "checksum": "7c1fde53b50c783f7ce4f17b035e075f"
        },
        {
          "type": "icon",
          "assetId": "pNqqLRPGPG6kCc",
          "checksum": "3f47a26af84c24a4ec33af587eb211b6"
        },
        {
          "type": "icon",
          "assetId": "Kqw7TDSdcFjpd7",
          "checksum": "d1e2fd0c5325feb3fc08cb74e7595044"
        },
        {
          "type": "icon",
          "assetId": "zIN5WP53eGMaOW",
          "checksum": "de1cdd09bd89739430c269fef4f53a45"
        },
        {
          "type": "icon",
          "assetId": "o2R2EqCtU_ovDO",
          "checksum": "cc2578e3ccf0bf13eaa9e4d9400ae598"
        },
        {
          "type": "icon",
          "assetId": "o0iHJS-9_U-U6A",
          "checksum": "46a0fb31fff043b689afdb2a4e314209"
        },
        {
          "type": "icon",
          "assetId": "NIkIL5jE0rCn2r",
          "checksum": "ee05c1d7117914f11f35d3fb45a132c4"
        },
        {
          "type": "icon",
          "assetId": "ENKQh_MyoLW9u3",
          "checksum": "40c41465d373632cd9e5ba33362f40ad"
        },
        {
          "type": "icon",
          "assetId": "DhIXcBabOWeYeK",
          "checksum": "f2c74449e1b8b2d53e67d814ea2b3b3f"
        },
        {
          "type": "icon",
          "assetId": "YqC2r2_9QaUGyU",
          "checksum": "a48ce47ea28552c89ad2d0eb270732ce"
        },
        {
          "type": "icon",
          "assetId": "yM4qxr1O5B0t3b",
          "checksum": "e8c198c6337bf2818943066c1745b002"
        },
        {
          "type": "icon",
          "assetId": "moVnoJ7wFvqBel",
          "checksum": "5059230ebe34a1e47611d4d5dc07dc8c"
        },
        {
          "type": "icon",
          "assetId": "GHdexdVyG8aCMA",
          "checksum": "4d787430d414035163a3b295c6764ece"
        },
        {
          "type": "icon",
          "assetId": "JOF7SYHnu9EBLW",
          "checksum": "fd6822924d02faacd5d7b481af0c0f83"
        },
        {
          "type": "icon",
          "assetId": "vC0egLZR6WL4w5",
          "checksum": "30f95b308638a9f55a6e3a9d561773ed"
        },
        {
          "type": "image",
          "assetId": "ZNnV2c97zGqlAr",
          "checksum": "995d7afcdcb6fe94f80ec0050157da2b"
        },
        {
          "type": "image",
          "assetId": "aLlbN-IGVxkU64",
          "checksum": "ec329ea2de772218cdde5d68b41a1b00"
        },
        {
          "type": "image",
          "assetId": "DM3xeYcclV_QnV",
          "checksum": "ead18e5e070725078832a32bc297d612"
        },
        {
          "type": "image",
          "assetId": "rp93NqJbK24UUJ",
          "checksum": "158797fe128e640764c50a58532203ab"
        },
        {
          "type": "image",
          "assetId": "H3oz455AJQInop",
          "checksum": "cb50496ffc0f702109363ca16c953263"
        },
        {
          "type": "image",
          "assetId": "caByw4cMxuYaCv",
          "checksum": "5e3e8b452d942307783f395c5bf7e3bf"
        },
        {
          "type": "image",
          "assetId": "A8_iRyhBKgxSv4",
          "checksum": "948c4957c7c17b97aa8ba4aff1dcb56f"
        },
        {
          "type": "image",
          "assetId": "ia6CHZgSPuvbBX",
          "checksum": "029829ac9d0f8dd1f612a674a06a7582"
        },
        {
          "type": "image",
          "assetId": "UhdXlfNZdiJ2kV",
          "checksum": "c5683e6ac799bff8032b9b452ee35a73"
        },
        {
          "type": "image",
          "assetId": "4AqpGh-e8v9Jbh",
          "checksum": "db3ad02868eade7f67cd2d7478f89efd"
        },
        {
          "type": "image",
          "assetId": "mUUSQUZhqGxDIL",
          "checksum": "9683060dc6e513cfc94fbf025fee2ac8"
        },
        {
          "type": "image",
          "assetId": "-0mlXGIJMqFcfR",
          "checksum": "631d39f2261d00561c8cf164cb8e7790"
        },
        {
          "type": "image",
          "assetId": "EQmaWtElobxvmz",
          "checksum": "ad2bb40f02b5f5518b9c70081abdf617"
        },
        {
          "type": "image",
          "assetId": "dgJgbzEHBEZYQq",
          "checksum": "786575f026fbd60c4a2a55c2cf62c1f5"
        },
        {
          "type": "image",
          "assetId": "mZ9yCj0iopppu7",
          "checksum": "5d6a6a40dd5937c1fad8ae04d73e1fe9"
        },
        {
          "type": "image",
          "assetId": "QYsU8iFRriGl4E",
          "checksum": "4a41369fb59ef27c06c2445f95b1d625"
        },
        {
          "type": "image",
          "assetId": "PGVGA76xMkDQNY",
          "checksum": "f736231e0b5443b4ef24734fd51a31ad"
        },
        {
          "type": "image",
          "assetId": "xCDYhgQV4DNY-C",
          "checksum": "97abc87ef8dcfb65f9a911b6da51e185"
        },
        {
          "type": "image",
          "assetId": "CtMD7olF9lZQ68",
          "checksum": "c2eb0481b5298cd1269a7e3e95c468ed"
        },
        {
          "type": "image",
          "assetId": "9uTmStABC1UGh0",
          "checksum": "4c7dae18df3cc10aff6d0cdc2d511fcc"
        },
        {
          "type": "image",
          "assetId": "mCLW-UMwcCu_Dd",
          "checksum": "4dcec99c6c8a5ca07fabdb311c6ab2d2"
        },
        {
          "type": "image",
          "assetId": "aZTueJ0Jps78hh",
          "checksum": "8a1d7f68c30972f406a561e7741243df"
        },
        {
          "type": "image",
          "assetId": "26xqHbOR-xV2lR",
          "checksum": "7f3f92ba7ecfa6fbcad044bf5e0a1196"
        },
        {
          "type": "image",
          "assetId": "3322wtsu88xYel",
          "checksum": "4d1376d64c4e827d96959b01eb33b4fd"
        },
        {
          "type": "image",
          "assetId": "4-ft7QvSfWPqsT",
          "checksum": "108f1d8b57ebb0b0ba4566bf9221fc75"
        }
      ],
      "codegenVersion": "0.0.1"
    }
  ],
  "cliVersion": "0.1.263"
}
